
Microsoft Visual Studio Solution File, Format Version 12.00
# Visual Studio 15
VisualStudioVersion = 15.0.27428.2002
MinimumVisualStudioVersion = 10.0.40219.1
Project("{9A19103F-16F7-4668-BE54-9A1E7A4F7556}") = "RecipesAPI", "RecipesAPI\RecipesAPI.csproj", "{CB6BF60C-C74B-4953-A4A5-C4B494F532A0}"
EndProject
Project("{9A19103F-16F7-4668-BE54-9A1E7A4F7556}") = "RecipesAPI.Tests", "RecipesAPI.Tests\RecipesAPI.Tests.csproj", "{82B036A5-9C0B-48F1-8C60-2218CD3676FC}"
EndProject
Project("{9A19103F-16F7-4668-BE54-9A1E7A4F7556}") = "Entities", "Entities\Entities.csproj", "{38923EC0-9F2A-4C9E-B652-333F14687142}"
EndProject
Project("{9A19103F-16F7-4668-BE54-9A1E7A4F7556}") = "DataLayer", "DataLayer\DataLayer.csproj", "{1C6A7A76-313C-4CF1-969D-4D8132573E21}"
EndProject
Project("{9A19103F-16F7-4668-BE54-9A1E7A4F7556}") = "Security", "Security\Security.csproj", "{2EAA3346-BFDE-4DA6-A1B8-79072ECAA660}"
EndProject
Project("{9A19103F-16F7-4668-BE54-9A1E7A4F7556}") = "RecipesAPI.Tokens", "RecipesAPI.Tokens\RecipesAPI.Tokens.csproj", "{64DAE439-9BA3-431E-8E1E-5495D34644C0}"
EndProject
Project("{9A19103F-16F7-4668-BE54-9A1E7A4F7556}") = "RecipesAPI.Authorizer", "RecipesAPI.Authorizer\RecipesAPI.Authorizer.csproj", "{6940E39E-73B7-46DA-B632-2F9BC05FCF18}"
EndProject
Global
	GlobalSection(SolutionConfigurationPlatforms) = preSolution
		Debug|Any CPU = Debug|Any CPU
		Release|Any CPU = Release|Any CPU
	EndGlobalSection
	GlobalSection(ProjectConfigurationPlatforms) = postSolution
		{CB6BF60C-C74B-4953-A4A5-C4B494F532A0}.Debug|Any CPU.ActiveCfg = Debug|Any CPU
		{CB6BF60C-C74B-4953-A4A5-C4B494F532A0}.Debug|Any CPU.Build.0 = Debug|Any CPU
		{CB6BF60C-C74B-4953-A4A5-C4B494F532A0}.Release|Any CPU.ActiveCfg = Release|Any CPU
		{CB6BF60C-C74B-4953-A4A5-C4B494F532A0}.Release|Any CPU.Build.0 = Release|Any CPU
		{82B036A5-9C0B-48F1-8C60-2218CD3676FC}.Debug|Any CPU.ActiveCfg = Debug|Any CPU
		{82B036A5-9C0B-48F1-8C60-2218CD3676FC}.Debug|Any CPU.Build.0 = Debug|Any CPU
		{82B036A5-9C0B-48F1-8C60-2218CD3676FC}.Release|Any CPU.ActiveCfg = Release|Any CPU
		{82B036A5-9C0B-48F1-8C60-2218CD3676FC}.Release|Any CPU.Build.0 = Release|Any CPU
		{38923EC0-9F2A-4C9E-B652-333F14687142}.Debug|Any CPU.ActiveCfg = Debug|Any CPU
		{38923EC0-9F2A-4C9E-B652-333F14687142}.Debug|Any CPU.Build.0 = Debug|Any CPU
		{38923EC0-9F2A-4C9E-B652-333F14687142}.Release|Any CPU.ActiveCfg = Release|Any CPU
		{38923EC0-9F2A-4C9E-B652-333F14687142}.Release|Any CPU.Build.0 = Release|Any CPU
		{1C6A7A76-313C-4CF1-969D-4D8132573E21}.Debug|Any CPU.ActiveCfg = Debug|Any CPU
		{1C6A7A76-313C-4CF1-969D-4D8132573E21}.Debug|Any CPU.Build.0 = Debug|Any CPU
		{1C6A7A76-313C-4CF1-969D-4D8132573E21}.Release|Any CPU.ActiveCfg = Release|Any CPU
		{1C6A7A76-313C-4CF1-969D-4D8132573E21}.Release|Any CPU.Build.0 = Release|Any CPU
		{2EAA3346-BFDE-4DA6-A1B8-79072ECAA660}.Debug|Any CPU.ActiveCfg = Debug|Any CPU
		{2EAA3346-BFDE-4DA6-A1B8-79072ECAA660}.Debug|Any CPU.Build.0 = Debug|Any CPU
		{2EAA3346-BFDE-4DA6-A1B8-79072ECAA660}.Release|Any CPU.ActiveCfg = Release|Any CPU
		{2EAA3346-BFDE-4DA6-A1B8-79072ECAA660}.Release|Any CPU.Build.0 = Release|Any CPU
		{64DAE439-9BA3-431E-8E1E-5495D34644C0}.Debug|Any CPU.ActiveCfg = Debug|Any CPU
		{64DAE439-9BA3-431E-8E1E-5495D34644C0}.Debug|Any CPU.Build.0 = Debug|Any CPU
		{64DAE439-9BA3-431E-8E1E-5495D34644C0}.Release|Any CPU.ActiveCfg = Release|Any CPU
		{64DAE439-9BA3-431E-8E1E-5495D34644C0}.Release|Any CPU.Build.0 = Release|Any CPU
		{6940E39E-73B7-46DA-B632-2F9BC05FCF18}.Debug|Any CPU.ActiveCfg = Debug|Any CPU
		{6940E39E-73B7-46DA-B632-2F9BC05FCF18}.Debug|Any CPU.Build.0 = Debug|Any CPU
		{6940E39E-73B7-46DA-B632-2F9BC05FCF18}.Release|Any CPU.ActiveCfg = Release|Any CPU
		{6940E39E-73B7-46DA-B632-2F9BC05FCF18}.Release|Any CPU.Build.0 = Release|Any CPU
	EndGlobalSection
	GlobalSection(SolutionProperties) = preSolution
		HideSolutionNode = FALSE
	EndGlobalSection
	GlobalSection(ExtensibilityGlobals) = postSolution
		SolutionGuid = {FD6F8901-0849-4252-AAAE-0ED03F932581}
	EndGlobalSection
EndGlobal
